// !$*UTF8*$!
{
	archiveVersion = 1;
	classes = {
	};
	objectVersion = 55;
	objects = {

/* Begin PBXBuildFile section */
		F1881F9E27087660002AAAD9 /* Widget_ZoneApp.swift in Sources */ = {isa = PBXBuildFile; fileRef = F1881F9D27087660002AAAD9 /* Widget_ZoneApp.swift */; };
		F1881FA027087660002AAAD9 /* ContentView.swift in Sources */ = {isa = PBXBuildFile; fileRef = F1881F9F27087660002AAAD9 /* ContentView.swift */; };
		F1881FA227087663002AAAD9 /* Assets.xcassets in Resources */ = {isa = PBXBuildFile; fileRef = F1881FA127087663002AAAD9 /* Assets.xcassets */; };
		F1881FA527087663002AAAD9 /* Preview Assets.xcassets in Resources */ = {isa = PBXBuildFile; fileRef = F1881FA427087663002AAAD9 /* Preview Assets.xcassets */; };
		F1881FB227087CB7002AAAD9 /* WidgetKit.framework in Frameworks */ = {isa = PBXBuildFile; fileRef = F1881FB127087CB7002AAAD9 /* WidgetKit.framework */; };
		F1881FB427087CB7002AAAD9 /* SwiftUI.framework in Frameworks */ = {isa = PBXBuildFile; fileRef = F1881FB327087CB7002AAAD9 /* SwiftUI.framework */; };
		F1881FB727087CB7002AAAD9 /* Widget_Zone_Widgets.swift in Sources */ = {isa = PBXBuildFile; fileRef = F1881FB627087CB7002AAAD9 /* Widget_Zone_Widgets.swift */; };
		F1881FBA27087CBA002AAAD9 /* Assets.xcassets in Resources */ = {isa = PBXBuildFile; fileRef = F1881FB927087CBA002AAAD9 /* Assets.xcassets */; };
		F1881FBC27087CBA002AAAD9 /* Widget_Zone_Widgets.intentdefinition in Sources */ = {isa = PBXBuildFile; fileRef = F1881FB827087CB7002AAAD9 /* Widget_Zone_Widgets.intentdefinition */; };
		F1881FBD27087CBA002AAAD9 /* Widget_Zone_Widgets.intentdefinition in Sources */ = {isa = PBXBuildFile; fileRef = F1881FB827087CB7002AAAD9 /* Widget_Zone_Widgets.intentdefinition */; };
		F1881FC027087CBA002AAAD9 /* Widget Zone WidgetsExtension.appex in Embed App Extensions */ = {isa = PBXBuildFile; fileRef = F1881FAF27087CB7002AAAD9 /* Widget Zone WidgetsExtension.appex */; settings = {ATTRIBUTES = (RemoveHeadersOnCopy, ); }; };
		F1ADA6A2271C932A00962153 /* SaveWidgetView.swift in Sources */ = {isa = PBXBuildFile; fileRef = F1ADA6A1271C932A00962153 /* SaveWidgetView.swift */; };
		F1ADA6A3271C932A00962153 /* SaveWidgetView.swift in Sources */ = {isa = PBXBuildFile; fileRef = F1ADA6A1271C932A00962153 /* SaveWidgetView.swift */; };
		F1F1E464271C8CCB0095BC8C /* MyWidget.swift in Sources */ = {isa = PBXBuildFile; fileRef = F1F1E463271C8CCB0095BC8C /* MyWidget.swift */; };
		F1F1E465271C8CCB0095BC8C /* MyWidget.swift in Sources */ = {isa = PBXBuildFile; fileRef = F1F1E463271C8CCB0095BC8C /* MyWidget.swift */; };
/* End PBXBuildFile section */

/* Begin PBXContainerItemProxy section */
		F1881FBE27087CBA002AAAD9 /* PBXContainerItemProxy */ = {
			isa = PBXContainerItemProxy;
			containerPortal = F1881F9227087660002AAAD9 /* Project object */;
			proxyType = 1;
			remoteGlobalIDString = F1881FAE27087CB7002AAAD9;
			remoteInfo = "Widget Zone WidgetsExtension";
		};
/* End PBXContainerItemProxy section */

/* Begin PBXCopyFilesBuildPhase section */
		F1881FC127087CBA002AAAD9 /* Embed App Extensions */ = {
			isa = PBXCopyFilesBuildPhase;
			buildActionMask = 2147483647;
			dstPath = "";
			dstSubfolderSpec = 13;
			files = (
				F1881FC027087CBA002AAAD9 /* Widget Zone WidgetsExtension.appex in Embed App Extensions */,
			);
			name = "Embed App Extensions";
			runOnlyForDeploymentPostprocessing = 0;
		};
/* End PBXCopyFilesBuildPhase section */

/* Begin PBXFileReference section */
		F1881F9A27087660002AAAD9 /* Widget Zone.app */ = {isa = PBXFileReference; explicitFileType = wrapper.application; includeInIndex = 0; path = "Widget Zone.app"; sourceTree = BUILT_PRODUCTS_DIR; };
		F1881F9D27087660002AAAD9 /* Widget_ZoneApp.swift */ = {isa = PBXFileReference; lastKnownFileType = sourcecode.swift; path = Widget_ZoneApp.swift; sourceTree = "<group>"; };
		F1881F9F27087660002AAAD9 /* ContentView.swift */ = {isa = PBXFileReference; lastKnownFileType = sourcecode.swift; path = ContentView.swift; sourceTree = "<group>"; };
		F1881FA127087663002AAAD9 /* Assets.xcassets */ = {isa = PBXFileReference; lastKnownFileType = folder.assetcatalog; path = Assets.xcassets; sourceTree = "<group>"; };
		F1881FA427087663002AAAD9 /* Preview Assets.xcassets */ = {isa = PBXFileReference; lastKnownFileType = folder.assetcatalog; path = "Preview Assets.xcassets"; sourceTree = "<group>"; };
		F1881FAF27087CB7002AAAD9 /* Widget Zone WidgetsExtension.appex */ = {isa = PBXFileReference; explicitFileType = "wrapper.app-extension"; includeInIndex = 0; path = "Widget Zone WidgetsExtension.appex"; sourceTree = BUILT_PRODUCTS_DIR; };
		F1881FB127087CB7002AAAD9 /* WidgetKit.framework */ = {isa = PBXFileReference; lastKnownFileType = wrapper.framework; name = WidgetKit.framework; path = System/Library/Frameworks/WidgetKit.framework; sourceTree = SDKROOT; };
		F1881FB327087CB7002AAAD9 /* SwiftUI.framework */ = {isa = PBXFileReference; lastKnownFileType = wrapper.framework; name = SwiftUI.framework; path = System/Library/Frameworks/SwiftUI.framework; sourceTree = SDKROOT; };
		F1881FB627087CB7002AAAD9 /* Widget_Zone_Widgets.swift */ = {isa = PBXFileReference; lastKnownFileType = sourcecode.swift; path = Widget_Zone_Widgets.swift; sourceTree = "<group>"; };
		F1881FB827087CB7002AAAD9 /* Widget_Zone_Widgets.intentdefinition */ = {isa = PBXFileReference; lastKnownFileType = file.intentdefinition; path = Widget_Zone_Widgets.intentdefinition; sourceTree = "<group>"; };
		F1881FB927087CBA002AAAD9 /* Assets.xcassets */ = {isa = PBXFileReference; lastKnownFileType = folder.assetcatalog; path = Assets.xcassets; sourceTree = "<group>"; };
		F1881FBB27087CBA002AAAD9 /* Info.plist */ = {isa = PBXFileReference; lastKnownFileType = text.plist.xml; path = Info.plist; sourceTree = "<group>"; };
		F1ADA6A1271C932A00962153 /* SaveWidgetView.swift */ = {isa = PBXFileReference; lastKnownFileType = sourcecode.swift; path = SaveWidgetView.swift; sourceTree = "<group>"; };
		F1ADA6A6271CB5EC00962153 /* Widget Zone.entitlements */ = {isa = PBXFileReference; fileEncoding = 4; lastKnownFileType = text.plist.entitlements; path = "Widget Zone.entitlements"; sourceTree = "<group>"; };
		F1ADA6A7271CB5EC00962153 /* Widget ZoneDebug.entitlements */ = {isa = PBXFileReference; fileEncoding = 4; lastKnownFileType = text.plist.entitlements; path = "Widget ZoneDebug.entitlements"; sourceTree = "<group>"; };
		F1ADA6A8271CB5EC00962153 /* Widget Zone WidgetsExtension.entitlements */ = {isa = PBXFileReference; fileEncoding = 4; lastKnownFileType = text.plist.entitlements; path = "Widget Zone WidgetsExtension.entitlements"; sourceTree = "<group>"; };
		F1F1E463271C8CCB0095BC8C /* MyWidget.swift */ = {isa = PBXFileReference; lastKnownFileType = sourcecode.swift; path = MyWidget.swift; sourceTree = "<group>"; };
/* End PBXFileReference section */

/* Begin PBXFrameworksBuildPhase section */
		F1881F9727087660002AAAD9 /* Frameworks */ = {
			isa = PBXFrameworksBuildPhase;
			buildActionMask = 2147483647;
			files = (
			);
			runOnlyForDeploymentPostprocessing = 0;
		};
		F1881FAC27087CB7002AAAD9 /* Frameworks */ = {
			isa = PBXFrameworksBuildPhase;
			buildActionMask = 2147483647;
			files = (
				F1881FB427087CB7002AAAD9 /* SwiftUI.framework in Frameworks */,
				F1881FB227087CB7002AAAD9 /* WidgetKit.framework in Frameworks */,
			);
			runOnlyForDeploymentPostprocessing = 0;
		};
/* End PBXFrameworksBuildPhase section */

/* Begin PBXGroup section */
		F1881F9127087660002AAAD9 = {
			isa = PBXGroup;
			children = (
				F1ADA6A8271CB5EC00962153 /* Widget Zone WidgetsExtension.entitlements */,
				F1881F9C27087660002AAAD9 /* Widget Zone */,
				F1881FB527087CB7002AAAD9 /* Widget Zone Widgets */,
				F1881FB027087CB7002AAAD9 /* Frameworks */,
				F1881F9B27087660002AAAD9 /* Products */,
			);
			sourceTree = "<group>";
		};
		F1881F9B27087660002AAAD9 /* Products */ = {
			isa = PBXGroup;
			children = (
				F1881F9A27087660002AAAD9 /* Widget Zone.app */,
				F1881FAF27087CB7002AAAD9 /* Widget Zone WidgetsExtension.appex */,
			);
			name = Products;
			sourceTree = "<group>";
		};
		F1881F9C27087660002AAAD9 /* Widget Zone */ = {
			isa = PBXGroup;
			children = (
				F1ADA6A6271CB5EC00962153 /* Widget Zone.entitlements */,
				F1ADA6A7271CB5EC00962153 /* Widget ZoneDebug.entitlements */,
				F1881F9D27087660002AAAD9 /* Widget_ZoneApp.swift */,
				F1881F9F27087660002AAAD9 /* ContentView.swift */,
				F1881FA127087663002AAAD9 /* Assets.xcassets */,
				F1881FA327087663002AAAD9 /* Preview Content */,
				F1F1E463271C8CCB0095BC8C /* MyWidget.swift */,
				F1ADA6A1271C932A00962153 /* SaveWidgetView.swift */,
			);
			path = "Widget Zone";
			sourceTree = "<group>";
		};
		F1881FA327087663002AAAD9 /* Preview Content */ = {
			isa = PBXGroup;
			children = (
				F1881FA427087663002AAAD9 /* Preview Assets.xcassets */,
			);
			path = "Preview Content";
			sourceTree = "<group>";
		};
		F1881FB027087CB7002AAAD9 /* Frameworks */ = {
			isa = PBXGroup;
			children = (
				F1881FB127087CB7002AAAD9 /* WidgetKit.framework */,
				F1881FB327087CB7002AAAD9 /* SwiftUI.framework */,
			);
			name = Frameworks;
			sourceTree = "<group>";
		};
		F1881FB527087CB7002AAAD9 /* Widget Zone Widgets */ = {
			isa = PBXGroup;
			children = (
				F1881FB627087CB7002AAAD9 /* Widget_Zone_Widgets.swift */,
				F1881FB827087CB7002AAAD9 /* Widget_Zone_Widgets.intentdefinition */,
				F1881FB927087CBA002AAAD9 /* Assets.xcassets */,
				F1881FBB27087CBA002AAAD9 /* Info.plist */,
			);
			path = "Widget Zone Widgets";
			sourceTree = "<group>";
		};
/* End PBXGroup section */

/* Begin PBXNativeTarget section */
		F1881F9927087660002AAAD9 /* Widget Zone */ = {
			isa = PBXNativeTarget;
			buildConfigurationList = F1881FA827087663002AAAD9 /* Build configuration list for PBXNativeTarget "Widget Zone" */;
			buildPhases = (
				F1881F9627087660002AAAD9 /* Sources */,
				F1881F9727087660002AAAD9 /* Frameworks */,
				F1881F9827087660002AAAD9 /* Resources */,
				F1881FC127087CBA002AAAD9 /* Embed App Extensions */,
			);
			buildRules = (
			);
			dependencies = (
				F1881FBF27087CBA002AAAD9 /* PBXTargetDependency */,
			);
			name = "Widget Zone";
			productName = "Widget Zone";
			productReference = F1881F9A27087660002AAAD9 /* Widget Zone.app */;
			productType = "com.apple.product-type.application";
		};
		F1881FAE27087CB7002AAAD9 /* Widget Zone WidgetsExtension */ = {
			isa = PBXNativeTarget;
			buildConfigurationList = F1881FC427087CBA002AAAD9 /* Build configuration list for PBXNativeTarget "Widget Zone WidgetsExtension" */;
			buildPhases = (
				F1881FAB27087CB7002AAAD9 /* Sources */,
				F1881FAC27087CB7002AAAD9 /* Frameworks */,
				F1881FAD27087CB7002AAAD9 /* Resources */,
			);
			buildRules = (
			);
			dependencies = (
			);
			name = "Widget Zone WidgetsExtension";
			productName = "Widget Zone WidgetsExtension";
			productReference = F1881FAF27087CB7002AAAD9 /* Widget Zone WidgetsExtension.appex */;
			productType = "com.apple.product-type.app-extension";
		};
/* End PBXNativeTarget section */

/* Begin PBXProject section */
		F1881F9227087660002AAAD9 /* Project object */ = {
			isa = PBXProject;
			attributes = {
				BuildIndependentTargetsInParallel = 1;
				LastSwiftUpdateCheck = 1300;
				LastUpgradeCheck = 1300;
				TargetAttributes = {
					F1881F9927087660002AAAD9 = {
						CreatedOnToolsVersion = 13.0;
					};
					F1881FAE27087CB7002AAAD9 = {
						CreatedOnToolsVersion = 13.0;
					};
				};
			};
			buildConfigurationList = F1881F9527087660002AAAD9 /* Build configuration list for PBXProject "Widget Zone" */;
			compatibilityVersion = "Xcode 13.0";
			developmentRegion = en;
			hasScannedForEncodings = 0;
			knownRegions = (
				en,
				Base,
			);
			mainGroup = F1881F9127087660002AAAD9;
			productRefGroup = F1881F9B27087660002AAAD9 /* Products */;
			projectDirPath = "";
			projectRoot = "";
			targets = (
				F1881F9927087660002AAAD9 /* Widget Zone */,
				F1881FAE27087CB7002AAAD9 /* Widget Zone WidgetsExtension */,
			);
		};
/* End PBXProject section */

/* Begin PBXResourcesBuildPhase section */
		F1881F9827087660002AAAD9 /* Resources */ = {
			isa = PBXResourcesBuildPhase;
			buildActionMask = 2147483647;
			files = (
				F1881FA527087663002AAAD9 /* Preview Assets.xcassets in Resources */,
				F1881FA227087663002AAAD9 /* Assets.xcassets in Resources */,
			);
			runOnlyForDeploymentPostprocessing = 0;
		};
		F1881FAD27087CB7002AAAD9 /* Resources */ = {
			isa = PBXResourcesBuildPhase;
			buildActionMask = 2147483647;
			files = (
				F1881FBA27087CBA002AAAD9 /* Assets.xcassets in Resources */,
			);
			runOnlyForDeploymentPostprocessing = 0;
		};
/* End PBXResourcesBuildPhase section */

/* Begin PBXSourcesBuildPhase section */
		F1881F9627087660002AAAD9 /* Sources */ = {
			isa = PBXSourcesBuildPhase;
			buildActionMask = 2147483647;
			files = (
				F1881FA027087660002AAAD9 /* ContentView.swift in Sources */,
				F1881FBD27087CBA002AAAD9 /* Widget_Zone_Widgets.intentdefinition in Sources */,
				F1ADA6A2271C932A00962153 /* SaveWidgetView.swift in Sources */,
				F1881F9E27087660002AAAD9 /* Widget_ZoneApp.swift in Sources */,
				F1F1E464271C8CCB0095BC8C /* MyWidget.swift in Sources */,
			);
			runOnlyForDeploymentPostprocessing = 0;
		};
		F1881FAB27087CB7002AAAD9 /* Sources */ = {
			isa = PBXSourcesBuildPhase;
			buildActionMask = 2147483647;
			files = (
				F1881FBC27087CBA002AAAD9 /* Widget_Zone_Widgets.intentdefinition in Sources */,
				F1881FB727087CB7002AAAD9 /* Widget_Zone_Widgets.swift in Sources */,
				F1ADA6A3271C932A00962153 /* SaveWidgetView.swift in Sources */,
				F1F1E465271C8CCB0095BC8C /* MyWidget.swift in Sources */,
			);
			runOnlyForDeploymentPostprocessing = 0;
		};
/* End PBXSourcesBuildPhase section */

/* Begin PBXTargetDependency section */
		F1881FBF27087CBA002AAAD9 /* PBXTargetDependency */ = {
			isa = PBXTargetDependency;
			target = F1881FAE27087CB7002AAAD9 /* Widget Zone WidgetsExtension */;
			targetProxy = F1881FBE27087CBA002AAAD9 /* PBXContainerItemProxy */;
		};
/* End PBXTargetDependency section */

/* Begin XCBuildConfiguration section */
		F1881FA627087663002AAAD9 /* Debug */ = {
			isa = XCBuildConfiguration;
			buildSettings = {
				ALWAYS_SEARCH_USER_PATHS = NO;
				CLANG_ANALYZER_NONNULL = YES;
				CLANG_ANALYZER_NUMBER_OBJECT_CONVERSION = YES_AGGRESSIVE;
				CLANG_CXX_LANGUAGE_STANDARD = "gnu++17";
				CLANG_CXX_LIBRARY = "libc++";
				CLANG_ENABLE_MODULES = YES;
				CLANG_ENABLE_OBJC_ARC = YES;
				CLANG_ENABLE_OBJC_WEAK = YES;
				CLANG_WARN_BLOCK_CAPTURE_AUTORELEASING = YES;
				CLANG_WARN_BOOL_CONVERSION = YES;
				CLANG_WARN_COMMA = YES;
				CLANG_WARN_CONSTANT_CONVERSION = YES;
				CLANG_WARN_DEPRECATED_OBJC_IMPLEMENTATIONS = YES;
				CLANG_WARN_DIRECT_OBJC_ISA_USAGE = YES_ERROR;
				CLANG_WARN_DOCUMENTATION_COMMENTS = YES;
				CLANG_WARN_EMPTY_BODY = YES;
				CLANG_WARN_ENUM_CONVERSION = YES;
				CLANG_WARN_INFINITE_RECURSION = YES;
				CLANG_WARN_INT_CONVERSION = YES;
				CLANG_WARN_NON_LITERAL_NULL_CONVERSION = YES;
				CLANG_WARN_OBJC_IMPLICIT_RETAIN_SELF = YES;
				CLANG_WARN_OBJC_LITERAL_CONVERSION = YES;
				CLANG_WARN_OBJC_ROOT_CLASS = YES_ERROR;
				CLANG_WARN_QUOTED_INCLUDE_IN_FRAMEWORK_HEADER = YES;
				CLANG_WARN_RANGE_LOOP_ANALYSIS = YES;
				CLANG_WARN_STRICT_PROTOTYPES = YES;
				CLANG_WARN_SUSPICIOUS_MOVE = YES;
				CLANG_WARN_UNGUARDED_AVAILABILITY = YES_AGGRESSIVE;
				CLANG_WARN_UNREACHABLE_CODE = YES;
				CLANG_WARN__DUPLICATE_METHOD_MATCH = YES;
				COPY_PHASE_STRIP = NO;
				DEBUG_INFORMATION_FORMAT = dwarf;
				ENABLE_STRICT_OBJC_MSGSEND = YES;
				ENABLE_TESTABILITY = YES;
				GCC_C_LANGUAGE_STANDARD = gnu11;
				GCC_DYNAMIC_NO_PIC = NO;
				GCC_NO_COMMON_BLOCKS = YES;
				GCC_OPTIMIZATION_LEVEL = 0;
				GCC_PREPROCESSOR_DEFINITIONS = (
					"DEBUG=1",
					"$(inherited)",
				);
				GCC_WARN_64_TO_32_BIT_CONVERSION = YES;
				GCC_WARN_ABOUT_RETURN_TYPE = YES_ERROR;
				GCC_WARN_UNDECLARED_SELECTOR = YES;
				GCC_WARN_UNINITIALIZED_AUTOS = YES_AGGRESSIVE;
				GCC_WARN_UNUSED_FUNCTION = YES;
				GCC_WARN_UNUSED_VARIABLE = YES;
				IPHONEOS_DEPLOYMENT_TARGET = 15.0;
				MTL_ENABLE_DEBUG_INFO = INCLUDE_SOURCE;
				MTL_FAST_MATH = YES;
				ONLY_ACTIVE_ARCH = YES;
				SDKROOT = iphoneos;
				SWIFT_ACTIVE_COMPILATION_CONDITIONS = DEBUG;
				SWIFT_OPTIMIZATION_LEVEL = "-Onone";
			};
			name = Debug;
		};
		F1881FA727087663002AAAD9 /* Release */ = {
			isa = XCBuildConfiguration;
			buildSettings = {
				ALWAYS_SEARCH_USER_PATHS = NO;
				CLANG_ANALYZER_NONNULL = YES;
				CLANG_ANALYZER_NUMBER_OBJECT_CONVERSION = YES_AGGRESSIVE;
				CLANG_CXX_LANGUAGE_STANDARD = "gnu++17";
				CLANG_CXX_LIBRARY = "libc++";
				CLANG_ENABLE_MODULES = YES;
				CLANG_ENABLE_OBJC_ARC = YES;
				CLANG_ENABLE_OBJC_WEAK = YES;
				CLANG_WARN_BLOCK_CAPTURE_AUTORELEASING = YES;
				CLANG_WARN_BOOL_CONVERSION = YES;
				CLANG_WARN_COMMA = YES;
				CLANG_WARN_CONSTANT_CONVERSION = YES;
				CLANG_WARN_DEPRECATED_OBJC_IMPLEMENTATIONS = YES;
				CLANG_WARN_DIRECT_OBJC_ISA_USAGE = YES_ERROR;
				CLANG_WARN_DOCUMENTATION_COMMENTS = YES;
				CLANG_WARN_EMPTY_BODY = YES;
				CLANG_WARN_ENUM_CONVERSION = YES;
				CLANG_WARN_INFINITE_RECURSION = YES;
				CLANG_WARN_INT_CONVERSION = YES;
				CLANG_WARN_NON_LITERAL_NULL_CONVERSION = YES;
				CLANG_WARN_OBJC_IMPLICIT_RETAIN_SELF = YES;
				CLANG_WARN_OBJC_LITERAL_CONVERSION = YES;
				CLANG_WARN_OBJC_ROOT_CLASS = YES_ERROR;
				CLANG_WARN_QUOTED_INCLUDE_IN_FRAMEWORK_HEADER = YES;
				CLANG_WARN_RANGE_LOOP_ANALYSIS = YES;
				CLANG_WARN_STRICT_PROTOTYPES = YES;
				CLANG_WARN_SUSPICIOUS_MOVE = YES;
				CLANG_WARN_UNGUARDED_AVAILABILITY = YES_AGGRESSIVE;
				CLANG_WARN_UNREACHABLE_CODE = YES;
				CLANG_WARN__DUPLICATE_METHOD_MATCH = YES;
				COPY_PHASE_STRIP = NO;
				DEBUG_INFORMATION_FORMAT = "dwarf-with-dsym";
				ENABLE_NS_ASSERTIONS = NO;
				ENABLE_STRICT_OBJC_MSGSEND = YES;
				GCC_C_LANGUAGE_STANDARD = gnu11;
				GCC_NO_COMMON_BLOCKS = YES;
				GCC_WARN_64_TO_32_BIT_CONVERSION = YES;
				GCC_WARN_ABOUT_RETURN_TYPE = YES_ERROR;
				GCC_WARN_UNDECLARED_SELECTOR = YES;
				GCC_WARN_UNINITIALIZED_AUTOS = YES_AGGRESSIVE;
				GCC_WARN_UNUSED_FUNCTION = YES;
				GCC_WARN_UNUSED_VARIABLE = YES;
				IPHONEOS_DEPLOYMENT_TARGET = 15.0;
				MTL_ENABLE_DEBUG_INFO = NO;
				MTL_FAST_MATH = YES;
				SDKROOT = iphoneos;
				SWIFT_COMPILATION_MODE = wholemodule;
				SWIFT_OPTIMIZATION_LEVEL = "-O";
				VALIDATE_PRODUCT = YES;
			};
			name = Release;
		};
		F1881FA927087663002AAAD9 /* Debug */ = {
			isa = XCBuildConfiguration;
			buildSettings = {
				ALWAYS_EMBED_SWIFT_STANDARD_LIBRARIES = YES;
				ASSETCATALOG_COMPILER_APPICON_NAME = AppIcon;
				ASSETCATALOG_COMPILER_GLOBAL_ACCENT_COLOR_NAME = AccentColor;
				CODE_SIGN_ENTITLEMENTS = "Widget Zone/Widget ZoneDebug.entitlements";
				CODE_SIGN_STYLE = Automatic;
				CURRENT_PROJECT_VERSION = 1;
				DEVELOPMENT_ASSET_PATHS = "\"Widget Zone/Preview Content\"";
				DEVELOPMENT_TEAM = PQ2YW6R3NC;
				ENABLE_PREVIEWS = YES;
				GENERATE_INFOPLIST_FILE = YES;
				INFOPLIST_KEY_CFBundleDisplayName = " ";
				INFOPLIST_KEY_UIApplicationSceneManifest_Generation = YES;
				INFOPLIST_KEY_UIApplicationSupportsIndirectInputEvents = YES;
				INFOPLIST_KEY_UILaunchScreen_Generation = YES;
				INFOPLIST_KEY_UISupportedInterfaceOrientations_iPad = "UIInterfaceOrientationPortrait UIInterfaceOrientationPortraitUpsideDown UIInterfaceOrientationLandscapeLeft UIInterfaceOrientationLandscapeRight";
				INFOPLIST_KEY_UISupportedInterfaceOrientations_iPhone = "UIInterfaceOrientationPortrait UIInterfaceOrientationLandscapeLeft UIInterfaceOrientationLandscapeRight";
				IPHONEOS_DEPLOYMENT_TARGET = 14.0;
				LD_RUNPATH_SEARCH_PATHS = (
					"$(inherited)",
					"@executable_path/Frameworks",
				);
				MARKETING_VERSION = 1.0;
				PRODUCT_BUNDLE_IDENTIFIER = "rey.Widget-Zone";
				PRODUCT_NAME = "Widget Zone";
				SWIFT_EMIT_LOC_STRINGS = YES;
				SWIFT_VERSION = 5.0;
				TARGETED_DEVICE_FAMILY = "1,2";
			};
			name = Debug;
		};
		F1881FAA27087663002AAAD9 /* Release */ = {
			isa = XCBuildConfiguration;
			buildSettings = {
				ALWAYS_EMBED_SWIFT_STANDARD_LIBRARIES = YES;
				ASSETCATALOG_COMPILER_APPICON_NAME = AppIcon;
				ASSETCATALOG_COMPILER_GLOBAL_ACCENT_COLOR_NAME = AccentColor;
				CODE_SIGN_ENTITLEMENTS = "Widget Zone/Widget Zone.entitlements";
				CODE_SIGN_STYLE = Automatic;
				CURRENT_PROJECT_VERSION = 1;
				DEVELOPMENT_ASSET_PATHS = "\"Widget Zone/Preview Content\"";
				DEVELOPMENT_TEAM = PQ2YW6R3NC;
				ENABLE_PREVIEWS = YES;
				GENERATE_INFOPLIST_FILE = YES;
				INFOPLIST_KEY_CFBundleDisplayName = " ";
				INFOPLIST_KEY_UIApplicationSceneManifest_Generation = YES;
				INFOPLIST_KEY_UIApplicationSupportsIndirectInputEvents = YES;
				INFOPLIST_KEY_UILaunchScreen_Generation = YES;
				INFOPLIST_KEY_UISupportedInterfaceOrientations_iPad = "UIInterfaceOrientationPortrait UIInterfaceOrientationPortraitUpsideDown UIInterfaceOrientationLandscapeLeft UIInterfaceOrientationLandscapeRight";
				INFOPLIST_KEY_UISupportedInterfaceOrientations_iPhone = "UIInterfaceOrientationPortrait UIInterfaceOrientationLandscapeLeft UIInterfaceOrientationLandscapeRight";
				IPHONEOS_DEPLOYMENT_TARGET = 14.0;
				LD_RUNPATH_SEARCH_PATHS = (
					"$(inherited)",
					"@executable_path/Frameworks",
				);
				MARKETING_VERSION = 1.0;
				PRODUCT_BUNDLE_IDENTIFIER = "rey.Widget-Zone";
				PRODUCT_NAME = "Widget Zone";
				SWIFT_EMIT_LOC_STRINGS = YES;
				SWIFT_VERSION = 5.0;
				TARGETED_DEVICE_FAMILY = "1,2";
			};
			name = Release;
		};
		F1881FC227087CBA002AAAD9 /* Debug */ = {
			isa = XCBuildConfiguration;
			buildSettings = {
				ASSETCATALOG_COMPILER_GLOBAL_ACCENT_COLOR_NAME = AccentColor;
				ASSETCATALOG_COMPILER_WIDGET_BACKGROUND_COLOR_NAME = WidgetBackground;
				CODE_SIGN_ENTITLEMENTS = "Widget Zone WidgetsExtension.entitlements";
				CODE_SIGN_STYLE = Automatic;
				CURRENT_PROJECT_VERSION = 1;
				DEVELOPMENT_TEAM = PQ2YW6R3NC;
				GENERATE_INFOPLIST_FILE = YES;
				INFOPLIST_FILE = "Widget Zone Widgets/Info.plist";
				INFOPLIST_KEY_CFBundleDisplayName = "Widget Zone Widgets";
				INFOPLIST_KEY_NSHumanReadableCopyright = "";
				LD_RUNPATH_SEARCH_PATHS = (
					"$(inherited)",
					"@executable_path/Frameworks",
					"@executable_path/../../Frameworks",
				);
				MARKETING_VERSION = 1.0;
				PRODUCT_BUNDLE_IDENTIFIER = "rey.Widget-Zone.Widget-Zone-Widgets";
				PRODUCT_NAME = "$(TARGET_NAME)";
				SKIP_INSTALL = YES;
				SWIFT_EMIT_LOC_STRINGS = YES;
				SWIFT_VERSION = 5.0;
				TARGETED_DEVICE_FAMILY = "1,2";
			};
			name = Debug;
		};
		F1881FC327087CBA002AAAD9 /* Release */ = {
			isa = XCBuildConfiguration;
			buildSettings = {
				ASSETCATALOG_COMPILER_GLOBAL_ACCENT_COLOR_NAME = AccentColor;
				ASSETCATALOG_COMPILER_WIDGET_BACKGROUND_COLOR_NAME = WidgetBackground;
				CODE_SIGN_ENTITLEMENTS = "Widget Zone WidgetsExtension.entitlements";
				CODE_SIGN_STYLE = Automatic;
				CURRENT_PROJECT_VERSION = 1;
				DEVELOPMENT_TEAM = PQ2YW6R3NC;
				GENERATE_INFOPLIST_FILE = YES;
				INFOPLIST_FILE = "Widget Zone Widgets/Info.plist";
				INFOPLIST_KEY_CFBundleDisplayName = "Widget Zone Widgets";
				INFOPLIST_KEY_NSHumanReadableCopyright = "";
				LD_RUNPATH_SEARCH_PATHS = (
					"$(inherited)",
					"@executable_path/Frameworks",
					"@executable_path/../../Frameworks",
				);
				MARKETING_VERSION = 1.0;
				PRODUCT_BUNDLE_IDENTIFIER = "rey.Widget-Zone.Widget-Zone-Widgets";
				PRODUCT_NAME = "$(TARGET_NAME)";
				SKIP_INSTALL = YES;
				SWIFT_EMIT_LOC_STRINGS = YES;
				SWIFT_VERSION = 5.0;
				TARGETED_DEVICE_FAMILY = "1,2";
			};
			name = Release;
		};
/* End XCBuildConfiguration section */

/* Begin XCConfigurationList section */
		F1881F9527087660002AAAD9 /* Build configuration list for PBXProject "Widget Zone" */ = {
			isa = XCConfigurationList;
			buildConfigurations = (
				F1881FA627087663002AAAD9 /* Debug */,
				F1881FA727087663002AAAD9 /* Release */,
			);
			defaultConfigurationIsVisible = 0;
			defaultConfigurationName = Release;
		};
		F1881FA827087663002AAAD9 /* Build configuration list for PBXNativeTarget "Widget Zone" */ = {
			isa = XCConfigurationList;
			buildConfigurations = (
				F1881FA927087663002AAAD9 /* Debug */,
				F1881FAA27087663002AAAD9 /* Release */,
			);
			defaultConfigurationIsVisible = 0;
			defaultConfigurationName = Release;
		};
		F1881FC427087CBA002AAAD9 /* Build configuration list for PBXNativeTarget "Widget Zone WidgetsExtension" */ = {
			isa = XCConfigurationList;
			buildConfigurations = (
				F1881FC227087CBA002AAAD9 /* Debug */,
				F1881FC327087CBA002AAAD9 /* Release */,
			);
			defaultConfigurationIsVisible = 0;
			defaultConfigurationName = Release;
		};
/* End XCConfigurationList section */
	};
	rootObject = F1881F9227087660002AAAD9 /* Project object */;
}
